PODS:
  - YLServices (0.1.0):
    - YLServices/YLMBProgress (= 0.1.0)
  - YLServices/YLMBProgress (0.1.0)

DEPENDENCIES:
  - YLServices (from `../`)

EXTERNAL SOURCES:
  YLServices:
    :path: ../

SPEC CHECKSUMS:
  YLServices: e77005e8e2815fed811e2d3db3af5f7caa38f9ef

PODFILE CHECKSUM: 69fe72f78ed32b2c91aea421d20f771e81081547

COCOAPODS: 1.4.0
